<?xml version="1.0" encoding="utf-8"?>
<Project ToolsVersion="4.0" xmlns="http://schemas.microsoft.com/developer/msbuild/2003">
  <ItemGroup>
    <Filter Include="소스 파일">
      <UniqueIdentifier>{4FC737F1-C7A5-4376-A066-2A32D752A2FF}</UniqueIdentifier>
      <Extensions>cpp;c;cc;cxx;def;odl;idl;hpj;bat;asm;asmx</Extensions>
    </Filter>
    <Filter Include="헤더 파일">
      <UniqueIdentifier>{93995380-89BD-4b04-88EB-625FBE52EBFB}</UniqueIdentifier>
      <Extensions>h;hh;hpp;hxx;hm;inl;inc;xsd</Extensions>
    </Filter>
    <Filter Include="리소스 파일">
      <UniqueIdentifier>{67DA6AB6-F800-4c08-8B7A-83BB121AAD01}</UniqueIdentifier>
      <Extensions>rc;ico;cur;bmp;dlg;rc2;rct;bin;rgs;gif;jpg;jpeg;jpe;resx;tiff;tif;png;wav;mfcribbon-ms</Extensions>
    </Filter>
    <Filter Include="Player">
      <UniqueIdentifier>{34795851-0024-413b-9f88-86daa713b509}</UniqueIdentifier>
    </Filter>
    <Filter Include="Camera">
      <UniqueIdentifier>{c08ed655-764f-4f1f-9096-a5fd85990fb6}</UniqueIdentifier>
    </Filter>
    <Filter Include="CombatDrone">
      <UniqueIdentifier>{c155611c-d8e7-41f4-b4f7-c1e93468cba9}</UniqueIdentifier>
    </Filter>
    <Filter Include="HexTechTower">
      <UniqueIdentifier>{10784a95-1785-4064-9256-d921fde03022}</UniqueIdentifier>
    </Filter>
  </ItemGroup>
  <ItemGroup>
    <ClCompile Include="main.cpp">
      <Filter>소스 파일</Filter>
    </ClCompile>
    <ClCompile Include="Player.cpp">
      <Filter>Player</Filter>
    </ClCompile>
    <ClCompile Include="Camera.cpp">
      <Filter>Camera</Filter>
    </ClCompile>
    <ClCompile Include="CombatDrone.cpp">
      <Filter>CombatDrone</Filter>
    </ClCompile>
    <ClCompile Include="HexTechTower.cpp">
      <Filter>HexTechTower</Filter>
    </ClCompile>
    <ClCompile Include="Firstcamera.cpp">
      <Filter>소스 파일</Filter>
    </ClCompile>
  </ItemGroup>
  <ItemGroup>
    <ClInclude Include="RanderProp.h">
      <Filter>헤더 파일</Filter>
    </ClInclude>
    <ClInclude Include="Player.h">
      <Filter>Player</Filter>
    </ClInclude>
    <ClInclude Include="Camera.h">
      <Filter>Camera</Filter>
    </ClInclude>
    <ClInclude Include="CombatDrone.h">
      <Filter>CombatDrone</Filter>
    </ClInclude>
    <ClInclude Include="Vector3D.h">
      <Filter>헤더 파일</Filter>
    </ClInclude>
    <ClInclude Include="HexTechTower.h">
      <Filter>HexTechTower</Filter>
    </ClInclude>
    <ClInclude Include="Firstcamera.h">
      <Filter>헤더 파일</Filter>
    </ClInclude>
    <ClInclude Include="Bitmap.h">
      <Filter>헤더 파일</Filter>
    </ClInclude>
  </ItemGroup>
</Project>