
Microsoft Visual Studio Solution File, Format Version 12.00
# Visual Studio 14
VisualStudioVersion = 14.0.25123.0
MinimumVisualStudioVersion = 10.0.40219.1
Project("{8BC9CEB8-8B4A-11D0-8D11-00A0C91BC942}") = "7-1", "7-1\7-1.vcxproj", "{8AFCDBDC-731F-45CF-A911-B281A9923C79}"
EndProject
Project("{8BC9CEB8-8B4A-11D0-8D11-00A0C91BC942}") = "7-2", "7-2\7-2.vcxproj", "{F1A8B504-6BD8-4C5E-9511-DE3561E3A41D}"
EndProject
Project("{8BC9CEB8-8B4A-11D0-8D11-00A0C91BC942}") = "7-3", "7-3\7-3.vcxproj", "{A7D1AC47-04DD-4A7A-9CDC-0EF43ADBAD87}"
EndProject
Project("{8BC9CEB8-8B4A-11D0-8D11-00A0C91BC942}") = "7-4", "7-4\7-4.vcxproj", "{E879C3DA-EFB1-418C-AFF9-1010F718F31E}"
EndProject
Project("{8BC9CEB8-8B4A-11D0-8D11-00A0C91BC942}") = "7-5", "7-5\7-5.vcxproj", "{54830DCA-4F4B-436F-9316-EDEDF016FC5B}"
EndProject
Project("{8BC9CEB8-8B4A-11D0-8D11-00A0C91BC942}") = "7-6", "7-6\7-6.vcxproj", "{67AEB093-DE6D-4162-A2F8-D03644456D3F}"
EndProject
Global
	GlobalSection(SolutionConfigurationPlatforms) = preSolution
		Debug|x64 = Debug|x64
		Debug|x86 = Debug|x86
		Release|x64 = Release|x64
		Release|x86 = Release|x86
	EndGlobalSection
	GlobalSection(ProjectConfigurationPlatforms) = postSolution
		{8AFCDBDC-731F-45CF-A911-B281A9923C79}.Debug|x64.ActiveCfg = Debug|x64
		{8AFCDBDC-731F-45CF-A911-B281A9923C79}.Debug|x64.Build.0 = Debug|x64
		{8AFCDBDC-731F-45CF-A911-B281A9923C79}.Debug|x86.ActiveCfg = Debug|Win32
		{8AFCDBDC-731F-45CF-A911-B281A9923C79}.Debug|x86.Build.0 = Debug|Win32
		{8AFCDBDC-731F-45CF-A911-B281A9923C79}.Release|x64.ActiveCfg = Release|x64
		{8AFCDBDC-731F-45CF-A911-B281A9923C79}.Release|x64.Build.0 = Release|x64
		{8AFCDBDC-731F-45CF-A911-B281A9923C79}.Release|x86.ActiveCfg = Release|Win32
		{8AFCDBDC-731F-45CF-A911-B281A9923C79}.Release|x86.Build.0 = Release|Win32
		{F1A8B504-6BD8-4C5E-9511-DE3561E3A41D}.Debug|x64.ActiveCfg = Debug|x64
		{F1A8B504-6BD8-4C5E-9511-DE3561E3A41D}.Debug|x64.Build.0 = Debug|x64
		{F1A8B504-6BD8-4C5E-9511-DE3561E3A41D}.Debug|x86.ActiveCfg = Debug|Win32
		{F1A8B504-6BD8-4C5E-9511-DE3561E3A41D}.Debug|x86.Build.0 = Debug|Win32
		{F1A8B504-6BD8-4C5E-9511-DE3561E3A41D}.Release|x64.ActiveCfg = Release|x64
		{F1A8B504-6BD8-4C5E-9511-DE3561E3A41D}.Release|x64.Build.0 = Release|x64
		{F1A8B504-6BD8-4C5E-9511-DE3561E3A41D}.Release|x86.ActiveCfg = Release|Win32
		{F1A8B504-6BD8-4C5E-9511-DE3561E3A41D}.Release|x86.Build.0 = Release|Win32
		{A7D1AC47-04DD-4A7A-9CDC-0EF43ADBAD87}.Debug|x64.ActiveCfg = Debug|x64
		{A7D1AC47-04DD-4A7A-9CDC-0EF43ADBAD87}.Debug|x64.Build.0 = Debug|x64
		{A7D1AC47-04DD-4A7A-9CDC-0EF43ADBAD87}.Debug|x86.ActiveCfg = Debug|Win32
		{A7D1AC47-04DD-4A7A-9CDC-0EF43ADBAD87}.Debug|x86.Build.0 = Debug|Win32
		{A7D1AC47-04DD-4A7A-9CDC-0EF43ADBAD87}.Release|x64.ActiveCfg = Release|x64
		{A7D1AC47-04DD-4A7A-9CDC-0EF43ADBAD87}.Release|x64.Build.0 = Release|x64
		{A7D1AC47-04DD-4A7A-9CDC-0EF43ADBAD87}.Release|x86.ActiveCfg = Release|Win32
		{A7D1AC47-04DD-4A7A-9CDC-0EF43ADBAD87}.Release|x86.Build.0 = Release|Win32
		{E879C3DA-EFB1-418C-AFF9-1010F718F31E}.Debug|x64.ActiveCfg = Debug|x64
		{E879C3DA-EFB1-418C-AFF9-1010F718F31E}.Debug|x64.Build.0 = Debug|x64
		{E879C3DA-EFB1-418C-AFF9-1010F718F31E}.Debug|x86.ActiveCfg = Debug|Win32
		{E879C3DA-EFB1-418C-AFF9-1010F718F31E}.Debug|x86.Build.0 = Debug|Win32
		{E879C3DA-EFB1-418C-AFF9-1010F718F31E}.Release|x64.ActiveCfg = Release|x64
		{E879C3DA-EFB1-418C-AFF9-1010F718F31E}.Release|x64.Build.0 = Release|x64
		{E879C3DA-EFB1-418C-AFF9-1010F718F31E}.Release|x86.ActiveCfg = Release|Win32
		{E879C3DA-EFB1-418C-AFF9-1010F718F31E}.Release|x86.Build.0 = Release|Win32
		{54830DCA-4F4B-436F-9316-EDEDF016FC5B}.Debug|x64.ActiveCfg = Debug|x64
		{54830DCA-4F4B-436F-9316-EDEDF016FC5B}.Debug|x64.Build.0 = Debug|x64
		{54830DCA-4F4B-436F-9316-EDEDF016FC5B}.Debug|x86.ActiveCfg = Debug|Win32
		{54830DCA-4F4B-436F-9316-EDEDF016FC5B}.Debug|x86.Build.0 = Debug|Win32
		{54830DCA-4F4B-436F-9316-EDEDF016FC5B}.Release|x64.ActiveCfg = Release|x64
		{54830DCA-4F4B-436F-9316-EDEDF016FC5B}.Release|x64.Build.0 = Release|x64
		{54830DCA-4F4B-436F-9316-EDEDF016FC5B}.Release|x86.ActiveCfg = Release|Win32
		{54830DCA-4F4B-436F-9316-EDEDF016FC5B}.Release|x86.Build.0 = Release|Win32
		{67AEB093-DE6D-4162-A2F8-D03644456D3F}.Debug|x64.ActiveCfg = Debug|x64
		{67AEB093-DE6D-4162-A2F8-D03644456D3F}.Debug|x64.Build.0 = Debug|x64
		{67AEB093-DE6D-4162-A2F8-D03644456D3F}.Debug|x86.ActiveCfg = Debug|Win32
		{67AEB093-DE6D-4162-A2F8-D03644456D3F}.Debug|x86.Build.0 = Debug|Win32
		{67AEB093-DE6D-4162-A2F8-D03644456D3F}.Release|x64.ActiveCfg = Release|x64
		{67AEB093-DE6D-4162-A2F8-D03644456D3F}.Release|x64.Build.0 = Release|x64
		{67AEB093-DE6D-4162-A2F8-D03644456D3F}.Release|x86.ActiveCfg = Release|Win32
		{67AEB093-DE6D-4162-A2F8-D03644456D3F}.Release|x86.Build.0 = Release|Win32
	EndGlobalSection
	GlobalSection(SolutionProperties) = preSolution
		HideSolutionNode = FALSE
	EndGlobalSection
EndGlobal
