
Microsoft Visual Studio Solution File, Format Version 12.00
# Visual Studio 14
VisualStudioVersion = 14.0.25420.1
MinimumVisualStudioVersion = 10.0.40219.1
Project("{8BC9CEB8-8B4A-11D0-8D11-00A0C91BC942}") = "Q11", "Q11\Q11.vcxproj", "{31E89B3B-091F-4750-AFAC-16A1895793C2}"
EndProject
Project("{8BC9CEB8-8B4A-11D0-8D11-00A0C91BC942}") = "Q12", "Q12\Q12.vcxproj", "{5D18B3CE-583B-4E9A-8DE7-9D45B635E276}"
EndProject
Project("{8BC9CEB8-8B4A-11D0-8D11-00A0C91BC942}") = "Q13", "Q13\Q13.vcxproj", "{7E5BB33B-5E8D-46F8-A956-10DF2B655AB3}"
EndProject
Global
	GlobalSection(SolutionConfigurationPlatforms) = preSolution
		Debug|x64 = Debug|x64
		Debug|x86 = Debug|x86
		Release|x64 = Release|x64
		Release|x86 = Release|x86
	EndGlobalSection
	GlobalSection(ProjectConfigurationPlatforms) = postSolution
		{31E89B3B-091F-4750-AFAC-16A1895793C2}.Debug|x64.ActiveCfg = Debug|x64
		{31E89B3B-091F-4750-AFAC-16A1895793C2}.Debug|x64.Build.0 = Debug|x64
		{31E89B3B-091F-4750-AFAC-16A1895793C2}.Debug|x86.ActiveCfg = Debug|Win32
		{31E89B3B-091F-4750-AFAC-16A1895793C2}.Debug|x86.Build.0 = Debug|Win32
		{31E89B3B-091F-4750-AFAC-16A1895793C2}.Release|x64.ActiveCfg = Release|x64
		{31E89B3B-091F-4750-AFAC-16A1895793C2}.Release|x64.Build.0 = Release|x64
		{31E89B3B-091F-4750-AFAC-16A1895793C2}.Release|x86.ActiveCfg = Release|Win32
		{31E89B3B-091F-4750-AFAC-16A1895793C2}.Release|x86.Build.0 = Release|Win32
		{5D18B3CE-583B-4E9A-8DE7-9D45B635E276}.Debug|x64.ActiveCfg = Debug|x64
		{5D18B3CE-583B-4E9A-8DE7-9D45B635E276}.Debug|x64.Build.0 = Debug|x64
		{5D18B3CE-583B-4E9A-8DE7-9D45B635E276}.Debug|x86.ActiveCfg = Debug|Win32
		{5D18B3CE-583B-4E9A-8DE7-9D45B635E276}.Debug|x86.Build.0 = Debug|Win32
		{5D18B3CE-583B-4E9A-8DE7-9D45B635E276}.Release|x64.ActiveCfg = Release|x64
		{5D18B3CE-583B-4E9A-8DE7-9D45B635E276}.Release|x64.Build.0 = Release|x64
		{5D18B3CE-583B-4E9A-8DE7-9D45B635E276}.Release|x86.ActiveCfg = Release|Win32
		{5D18B3CE-583B-4E9A-8DE7-9D45B635E276}.Release|x86.Build.0 = Release|Win32
		{7E5BB33B-5E8D-46F8-A956-10DF2B655AB3}.Debug|x64.ActiveCfg = Debug|x64
		{7E5BB33B-5E8D-46F8-A956-10DF2B655AB3}.Debug|x64.Build.0 = Debug|x64
		{7E5BB33B-5E8D-46F8-A956-10DF2B655AB3}.Debug|x86.ActiveCfg = Debug|Win32
		{7E5BB33B-5E8D-46F8-A956-10DF2B655AB3}.Debug|x86.Build.0 = Debug|Win32
		{7E5BB33B-5E8D-46F8-A956-10DF2B655AB3}.Release|x64.ActiveCfg = Release|x64
		{7E5BB33B-5E8D-46F8-A956-10DF2B655AB3}.Release|x64.Build.0 = Release|x64
		{7E5BB33B-5E8D-46F8-A956-10DF2B655AB3}.Release|x86.ActiveCfg = Release|Win32
		{7E5BB33B-5E8D-46F8-A956-10DF2B655AB3}.Release|x86.Build.0 = Release|Win32
	EndGlobalSection
	GlobalSection(SolutionProperties) = preSolution
		HideSolutionNode = FALSE
	EndGlobalSection
EndGlobal
