
Microsoft Visual Studio Solution File, Format Version 12.00
# Visual Studio 14
VisualStudioVersion = 14.0.25123.0
MinimumVisualStudioVersion = 10.0.40219.1
Project("{8BC9CEB8-8B4A-11D0-8D11-00A0C91BC942}") = "5-4", "WindowProgramming(16.04.21)\WindowProgramming(16.04.21).vcxproj", "{40DB99F0-ECB3-465B-A1D3-CB69B8376F6E}"
EndProject
Project("{8BC9CEB8-8B4A-11D0-8D11-00A0C91BC942}") = "5-5", "5-5\5-5.vcxproj", "{A7210057-675B-4E07-9FF0-2F02E79FC16B}"
EndProject
Project("{8BC9CEB8-8B4A-11D0-8D11-00A0C91BC942}") = "5-6", "5-6\5-6.vcxproj", "{9A6DA75B-AC53-4617-A15B-D2FBEF45428F}"
EndProject
Global
	GlobalSection(SolutionConfigurationPlatforms) = preSolution
		Debug|x64 = Debug|x64
		Debug|x86 = Debug|x86
		Release|x64 = Release|x64
		Release|x86 = Release|x86
	EndGlobalSection
	GlobalSection(ProjectConfigurationPlatforms) = postSolution
		{40DB99F0-ECB3-465B-A1D3-CB69B8376F6E}.Debug|x64.ActiveCfg = Debug|x64
		{40DB99F0-ECB3-465B-A1D3-CB69B8376F6E}.Debug|x64.Build.0 = Debug|x64
		{40DB99F0-ECB3-465B-A1D3-CB69B8376F6E}.Debug|x86.ActiveCfg = Debug|Win32
		{40DB99F0-ECB3-465B-A1D3-CB69B8376F6E}.Debug|x86.Build.0 = Debug|Win32
		{40DB99F0-ECB3-465B-A1D3-CB69B8376F6E}.Release|x64.ActiveCfg = Release|x64
		{40DB99F0-ECB3-465B-A1D3-CB69B8376F6E}.Release|x64.Build.0 = Release|x64
		{40DB99F0-ECB3-465B-A1D3-CB69B8376F6E}.Release|x86.ActiveCfg = Release|Win32
		{40DB99F0-ECB3-465B-A1D3-CB69B8376F6E}.Release|x86.Build.0 = Release|Win32
		{A7210057-675B-4E07-9FF0-2F02E79FC16B}.Debug|x64.ActiveCfg = Debug|x64
		{A7210057-675B-4E07-9FF0-2F02E79FC16B}.Debug|x64.Build.0 = Debug|x64
		{A7210057-675B-4E07-9FF0-2F02E79FC16B}.Debug|x86.ActiveCfg = Debug|Win32
		{A7210057-675B-4E07-9FF0-2F02E79FC16B}.Debug|x86.Build.0 = Debug|Win32
		{A7210057-675B-4E07-9FF0-2F02E79FC16B}.Release|x64.ActiveCfg = Release|x64
		{A7210057-675B-4E07-9FF0-2F02E79FC16B}.Release|x64.Build.0 = Release|x64
		{A7210057-675B-4E07-9FF0-2F02E79FC16B}.Release|x86.ActiveCfg = Release|Win32
		{A7210057-675B-4E07-9FF0-2F02E79FC16B}.Release|x86.Build.0 = Release|Win32
		{9A6DA75B-AC53-4617-A15B-D2FBEF45428F}.Debug|x64.ActiveCfg = Debug|x64
		{9A6DA75B-AC53-4617-A15B-D2FBEF45428F}.Debug|x64.Build.0 = Debug|x64
		{9A6DA75B-AC53-4617-A15B-D2FBEF45428F}.Debug|x86.ActiveCfg = Debug|Win32
		{9A6DA75B-AC53-4617-A15B-D2FBEF45428F}.Debug|x86.Build.0 = Debug|Win32
		{9A6DA75B-AC53-4617-A15B-D2FBEF45428F}.Release|x64.ActiveCfg = Release|x64
		{9A6DA75B-AC53-4617-A15B-D2FBEF45428F}.Release|x64.Build.0 = Release|x64
		{9A6DA75B-AC53-4617-A15B-D2FBEF45428F}.Release|x86.ActiveCfg = Release|Win32
		{9A6DA75B-AC53-4617-A15B-D2FBEF45428F}.Release|x86.Build.0 = Release|Win32
	EndGlobalSection
	GlobalSection(SolutionProperties) = preSolution
		HideSolutionNode = FALSE
	EndGlobalSection
EndGlobal
