
Microsoft Visual Studio Solution File, Format Version 12.00
# Visual Studio 14
VisualStudioVersion = 14.0.25420.1
MinimumVisualStudioVersion = 10.0.40219.1
Project("{8BC9CEB8-8B4A-11D0-8D11-00A0C91BC942}") = "Prac_04", "Prac_4\Prac_4.vcxproj", "{15FC0577-F4CD-46E5-A2BB-BC99BA7AF9F7}"
EndProject
Project("{8BC9CEB8-8B4A-11D0-8D11-00A0C91BC942}") = "Prac_05", "Prac_5\Prac_5.vcxproj", "{5DD76B67-E8C9-40AB-9AD2-36DEC311B07D}"
EndProject
Project("{8BC9CEB8-8B4A-11D0-8D11-00A0C91BC942}") = "NotePad", "NotePad\NotePad.vcxproj", "{8CD4FECE-0301-4815-8DF3-522828A5BD11}"
EndProject
Project("{8BC9CEB8-8B4A-11D0-8D11-00A0C91BC942}") = "Prac_06", "Prac_6\Prac_6.vcxproj", "{57AF5E73-9309-4D2A-BE07-9B15EF4A573B}"
EndProject
Project("{8BC9CEB8-8B4A-11D0-8D11-00A0C91BC942}") = "Prac_07", "Prac_7\Prac_7.vcxproj", "{F1607EBD-2B6E-40C9-BCCF-57976FF18BA0}"
EndProject
Project("{8BC9CEB8-8B4A-11D0-8D11-00A0C91BC942}") = "Prac_08", "Prac_8\Prac_8.vcxproj", "{2ABAB09B-EA87-4551-BBD0-70D533621266}"
EndProject
Project("{8BC9CEB8-8B4A-11D0-8D11-00A0C91BC942}") = "Prac_09", "Prac_9\Prac_9.vcxproj", "{E6C69F51-1AC2-4C93-9276-C4D42117AE71}"
EndProject
Project("{8BC9CEB8-8B4A-11D0-8D11-00A0C91BC942}") = "Prac_10", "Prac_10\Prac_10.vcxproj", "{F0EB1ED4-55FF-48AF-8894-1E84ED85301D}"
EndProject
Global
	GlobalSection(SolutionConfigurationPlatforms) = preSolution
		Debug|x64 = Debug|x64
		Debug|x86 = Debug|x86
		Release|x64 = Release|x64
		Release|x86 = Release|x86
	EndGlobalSection
	GlobalSection(ProjectConfigurationPlatforms) = postSolution
		{15FC0577-F4CD-46E5-A2BB-BC99BA7AF9F7}.Debug|x64.ActiveCfg = Debug|x64
		{15FC0577-F4CD-46E5-A2BB-BC99BA7AF9F7}.Debug|x64.Build.0 = Debug|x64
		{15FC0577-F4CD-46E5-A2BB-BC99BA7AF9F7}.Debug|x86.ActiveCfg = Debug|Win32
		{15FC0577-F4CD-46E5-A2BB-BC99BA7AF9F7}.Debug|x86.Build.0 = Debug|Win32
		{15FC0577-F4CD-46E5-A2BB-BC99BA7AF9F7}.Release|x64.ActiveCfg = Release|x64
		{15FC0577-F4CD-46E5-A2BB-BC99BA7AF9F7}.Release|x64.Build.0 = Release|x64
		{15FC0577-F4CD-46E5-A2BB-BC99BA7AF9F7}.Release|x86.ActiveCfg = Release|Win32
		{15FC0577-F4CD-46E5-A2BB-BC99BA7AF9F7}.Release|x86.Build.0 = Release|Win32
		{5DD76B67-E8C9-40AB-9AD2-36DEC311B07D}.Debug|x64.ActiveCfg = Debug|x64
		{5DD76B67-E8C9-40AB-9AD2-36DEC311B07D}.Debug|x64.Build.0 = Debug|x64
		{5DD76B67-E8C9-40AB-9AD2-36DEC311B07D}.Debug|x86.ActiveCfg = Debug|Win32
		{5DD76B67-E8C9-40AB-9AD2-36DEC311B07D}.Debug|x86.Build.0 = Debug|Win32
		{5DD76B67-E8C9-40AB-9AD2-36DEC311B07D}.Release|x64.ActiveCfg = Release|x64
		{5DD76B67-E8C9-40AB-9AD2-36DEC311B07D}.Release|x64.Build.0 = Release|x64
		{5DD76B67-E8C9-40AB-9AD2-36DEC311B07D}.Release|x86.ActiveCfg = Release|Win32
		{5DD76B67-E8C9-40AB-9AD2-36DEC311B07D}.Release|x86.Build.0 = Release|Win32
		{8CD4FECE-0301-4815-8DF3-522828A5BD11}.Debug|x64.ActiveCfg = Debug|x64
		{8CD4FECE-0301-4815-8DF3-522828A5BD11}.Debug|x64.Build.0 = Debug|x64
		{8CD4FECE-0301-4815-8DF3-522828A5BD11}.Debug|x86.ActiveCfg = Debug|Win32
		{8CD4FECE-0301-4815-8DF3-522828A5BD11}.Debug|x86.Build.0 = Debug|Win32
		{8CD4FECE-0301-4815-8DF3-522828A5BD11}.Release|x64.ActiveCfg = Release|x64
		{8CD4FECE-0301-4815-8DF3-522828A5BD11}.Release|x64.Build.0 = Release|x64
		{8CD4FECE-0301-4815-8DF3-522828A5BD11}.Release|x86.ActiveCfg = Release|Win32
		{8CD4FECE-0301-4815-8DF3-522828A5BD11}.Release|x86.Build.0 = Release|Win32
		{57AF5E73-9309-4D2A-BE07-9B15EF4A573B}.Debug|x64.ActiveCfg = Debug|x64
		{57AF5E73-9309-4D2A-BE07-9B15EF4A573B}.Debug|x64.Build.0 = Debug|x64
		{57AF5E73-9309-4D2A-BE07-9B15EF4A573B}.Debug|x86.ActiveCfg = Debug|Win32
		{57AF5E73-9309-4D2A-BE07-9B15EF4A573B}.Debug|x86.Build.0 = Debug|Win32
		{57AF5E73-9309-4D2A-BE07-9B15EF4A573B}.Release|x64.ActiveCfg = Release|x64
		{57AF5E73-9309-4D2A-BE07-9B15EF4A573B}.Release|x64.Build.0 = Release|x64
		{57AF5E73-9309-4D2A-BE07-9B15EF4A573B}.Release|x86.ActiveCfg = Release|Win32
		{57AF5E73-9309-4D2A-BE07-9B15EF4A573B}.Release|x86.Build.0 = Release|Win32
		{F1607EBD-2B6E-40C9-BCCF-57976FF18BA0}.Debug|x64.ActiveCfg = Debug|x64
		{F1607EBD-2B6E-40C9-BCCF-57976FF18BA0}.Debug|x64.Build.0 = Debug|x64
		{F1607EBD-2B6E-40C9-BCCF-57976FF18BA0}.Debug|x86.ActiveCfg = Debug|Win32
		{F1607EBD-2B6E-40C9-BCCF-57976FF18BA0}.Debug|x86.Build.0 = Debug|Win32
		{F1607EBD-2B6E-40C9-BCCF-57976FF18BA0}.Release|x64.ActiveCfg = Release|x64
		{F1607EBD-2B6E-40C9-BCCF-57976FF18BA0}.Release|x64.Build.0 = Release|x64
		{F1607EBD-2B6E-40C9-BCCF-57976FF18BA0}.Release|x86.ActiveCfg = Release|Win32
		{F1607EBD-2B6E-40C9-BCCF-57976FF18BA0}.Release|x86.Build.0 = Release|Win32
		{2ABAB09B-EA87-4551-BBD0-70D533621266}.Debug|x64.ActiveCfg = Debug|x64
		{2ABAB09B-EA87-4551-BBD0-70D533621266}.Debug|x64.Build.0 = Debug|x64
		{2ABAB09B-EA87-4551-BBD0-70D533621266}.Debug|x86.ActiveCfg = Debug|Win32
		{2ABAB09B-EA87-4551-BBD0-70D533621266}.Debug|x86.Build.0 = Debug|Win32
		{2ABAB09B-EA87-4551-BBD0-70D533621266}.Release|x64.ActiveCfg = Release|x64
		{2ABAB09B-EA87-4551-BBD0-70D533621266}.Release|x64.Build.0 = Release|x64
		{2ABAB09B-EA87-4551-BBD0-70D533621266}.Release|x86.ActiveCfg = Release|Win32
		{2ABAB09B-EA87-4551-BBD0-70D533621266}.Release|x86.Build.0 = Release|Win32
		{E6C69F51-1AC2-4C93-9276-C4D42117AE71}.Debug|x64.ActiveCfg = Debug|x64
		{E6C69F51-1AC2-4C93-9276-C4D42117AE71}.Debug|x64.Build.0 = Debug|x64
		{E6C69F51-1AC2-4C93-9276-C4D42117AE71}.Debug|x86.ActiveCfg = Debug|Win32
		{E6C69F51-1AC2-4C93-9276-C4D42117AE71}.Debug|x86.Build.0 = Debug|Win32
		{E6C69F51-1AC2-4C93-9276-C4D42117AE71}.Release|x64.ActiveCfg = Release|x64
		{E6C69F51-1AC2-4C93-9276-C4D42117AE71}.Release|x64.Build.0 = Release|x64
		{E6C69F51-1AC2-4C93-9276-C4D42117AE71}.Release|x86.ActiveCfg = Release|Win32
		{E6C69F51-1AC2-4C93-9276-C4D42117AE71}.Release|x86.Build.0 = Release|Win32
		{F0EB1ED4-55FF-48AF-8894-1E84ED85301D}.Debug|x64.ActiveCfg = Debug|x64
		{F0EB1ED4-55FF-48AF-8894-1E84ED85301D}.Debug|x64.Build.0 = Debug|x64
		{F0EB1ED4-55FF-48AF-8894-1E84ED85301D}.Debug|x86.ActiveCfg = Debug|Win32
		{F0EB1ED4-55FF-48AF-8894-1E84ED85301D}.Debug|x86.Build.0 = Debug|Win32
		{F0EB1ED4-55FF-48AF-8894-1E84ED85301D}.Release|x64.ActiveCfg = Release|x64
		{F0EB1ED4-55FF-48AF-8894-1E84ED85301D}.Release|x64.Build.0 = Release|x64
		{F0EB1ED4-55FF-48AF-8894-1E84ED85301D}.Release|x86.ActiveCfg = Release|Win32
		{F0EB1ED4-55FF-48AF-8894-1E84ED85301D}.Release|x86.Build.0 = Release|Win32
	EndGlobalSection
	GlobalSection(SolutionProperties) = preSolution
		HideSolutionNode = FALSE
	EndGlobalSection
EndGlobal
