
Microsoft Visual Studio Solution File, Format Version 12.00
# Visual Studio 14
VisualStudioVersion = 14.0.25420.1
MinimumVisualStudioVersion = 10.0.40219.1
Project("{8BC9CEB8-8B4A-11D0-8D11-00A0C91BC942}") = "Q1", "Q1\Q1.vcxproj", "{F61CA941-31D6-48D9-8625-931DBCBA96A5}"
EndProject
Project("{8BC9CEB8-8B4A-11D0-8D11-00A0C91BC942}") = "Q6", "Q6\Q6.vcxproj", "{1D6A5C6B-8C3D-4899-BB78-792B30391B24}"
EndProject
Project("{8BC9CEB8-8B4A-11D0-8D11-00A0C91BC942}") = "Q2", "Q2\Q2.vcxproj", "{5DFB05B7-406F-412A-9C6F-62ACB40D3E81}"
EndProject
Project("{8BC9CEB8-8B4A-11D0-8D11-00A0C91BC942}") = "Q3", "Q3\Q3.vcxproj", "{B695AEBE-E6A0-4339-AC15-E67ED6388295}"
EndProject
Project("{8BC9CEB8-8B4A-11D0-8D11-00A0C91BC942}") = "Q4", "Q4\Q4.vcxproj", "{DF72330F-1C04-43FB-B612-E73895C68A00}"
EndProject
Project("{8BC9CEB8-8B4A-11D0-8D11-00A0C91BC942}") = "Q5", "Q5\Q5.vcxproj", "{2C1D99EF-4C29-434F-AD8A-A82CB83B77CD}"
EndProject
Project("{8BC9CEB8-8B4A-11D0-8D11-00A0C91BC942}") = "Q7", "Q7\Q7.vcxproj", "{65B8DDB2-9E94-490C-9603-84572EA8AE99}"
EndProject
Project("{8BC9CEB8-8B4A-11D0-8D11-00A0C91BC942}") = "Q8", "Q8\Q8.vcxproj", "{99FBFABF-A04F-4E52-99E0-BAD3FA84AC0F}"
EndProject
Project("{8BC9CEB8-8B4A-11D0-8D11-00A0C91BC942}") = "Q9", "Q9\Q9.vcxproj", "{488DB04D-57E5-41E8-B12B-9DC5289B6795}"
EndProject
Project("{2150E333-8FDC-42A3-9474-1A3956D46DE8}") = "Solution Items", "Solution Items", "{268FCFF9-F93D-4CBA-B259-A6D82966D1EE}"
	ProjectSection(SolutionItems) = preProject
		Q9-1\Q9-1.vcxproj = Q9-1\Q9-1.vcxproj
	EndProjectSection
EndProject
Project("{8BC9CEB8-8B4A-11D0-8D11-00A0C91BC942}") = "NotePad", "NotePad\NotePad.vcxproj", "{58E125F4-C4CA-4BAC-A894-4B274795F8C5}"
EndProject
Global
	GlobalSection(SolutionConfigurationPlatforms) = preSolution
		Debug|x64 = Debug|x64
		Debug|x86 = Debug|x86
		Release|x64 = Release|x64
		Release|x86 = Release|x86
	EndGlobalSection
	GlobalSection(ProjectConfigurationPlatforms) = postSolution
		{F61CA941-31D6-48D9-8625-931DBCBA96A5}.Debug|x64.ActiveCfg = Debug|x64
		{F61CA941-31D6-48D9-8625-931DBCBA96A5}.Debug|x64.Build.0 = Debug|x64
		{F61CA941-31D6-48D9-8625-931DBCBA96A5}.Debug|x86.ActiveCfg = Debug|Win32
		{F61CA941-31D6-48D9-8625-931DBCBA96A5}.Debug|x86.Build.0 = Debug|Win32
		{F61CA941-31D6-48D9-8625-931DBCBA96A5}.Release|x64.ActiveCfg = Release|x64
		{F61CA941-31D6-48D9-8625-931DBCBA96A5}.Release|x64.Build.0 = Release|x64
		{F61CA941-31D6-48D9-8625-931DBCBA96A5}.Release|x86.ActiveCfg = Release|Win32
		{F61CA941-31D6-48D9-8625-931DBCBA96A5}.Release|x86.Build.0 = Release|Win32
		{1D6A5C6B-8C3D-4899-BB78-792B30391B24}.Debug|x64.ActiveCfg = Debug|x64
		{1D6A5C6B-8C3D-4899-BB78-792B30391B24}.Debug|x64.Build.0 = Debug|x64
		{1D6A5C6B-8C3D-4899-BB78-792B30391B24}.Debug|x86.ActiveCfg = Debug|Win32
		{1D6A5C6B-8C3D-4899-BB78-792B30391B24}.Debug|x86.Build.0 = Debug|Win32
		{1D6A5C6B-8C3D-4899-BB78-792B30391B24}.Release|x64.ActiveCfg = Release|x64
		{1D6A5C6B-8C3D-4899-BB78-792B30391B24}.Release|x64.Build.0 = Release|x64
		{1D6A5C6B-8C3D-4899-BB78-792B30391B24}.Release|x86.ActiveCfg = Release|Win32
		{1D6A5C6B-8C3D-4899-BB78-792B30391B24}.Release|x86.Build.0 = Release|Win32
		{5DFB05B7-406F-412A-9C6F-62ACB40D3E81}.Debug|x64.ActiveCfg = Debug|x64
		{5DFB05B7-406F-412A-9C6F-62ACB40D3E81}.Debug|x64.Build.0 = Debug|x64
		{5DFB05B7-406F-412A-9C6F-62ACB40D3E81}.Debug|x86.ActiveCfg = Debug|Win32
		{5DFB05B7-406F-412A-9C6F-62ACB40D3E81}.Debug|x86.Build.0 = Debug|Win32
		{5DFB05B7-406F-412A-9C6F-62ACB40D3E81}.Release|x64.ActiveCfg = Release|x64
		{5DFB05B7-406F-412A-9C6F-62ACB40D3E81}.Release|x64.Build.0 = Release|x64
		{5DFB05B7-406F-412A-9C6F-62ACB40D3E81}.Release|x86.ActiveCfg = Release|Win32
		{5DFB05B7-406F-412A-9C6F-62ACB40D3E81}.Release|x86.Build.0 = Release|Win32
		{B695AEBE-E6A0-4339-AC15-E67ED6388295}.Debug|x64.ActiveCfg = Debug|x64
		{B695AEBE-E6A0-4339-AC15-E67ED6388295}.Debug|x64.Build.0 = Debug|x64
		{B695AEBE-E6A0-4339-AC15-E67ED6388295}.Debug|x86.ActiveCfg = Debug|Win32
		{B695AEBE-E6A0-4339-AC15-E67ED6388295}.Debug|x86.Build.0 = Debug|Win32
		{B695AEBE-E6A0-4339-AC15-E67ED6388295}.Release|x64.ActiveCfg = Release|x64
		{B695AEBE-E6A0-4339-AC15-E67ED6388295}.Release|x64.Build.0 = Release|x64
		{B695AEBE-E6A0-4339-AC15-E67ED6388295}.Release|x86.ActiveCfg = Release|Win32
		{B695AEBE-E6A0-4339-AC15-E67ED6388295}.Release|x86.Build.0 = Release|Win32
		{DF72330F-1C04-43FB-B612-E73895C68A00}.Debug|x64.ActiveCfg = Debug|x64
		{DF72330F-1C04-43FB-B612-E73895C68A00}.Debug|x64.Build.0 = Debug|x64
		{DF72330F-1C04-43FB-B612-E73895C68A00}.Debug|x86.ActiveCfg = Debug|Win32
		{DF72330F-1C04-43FB-B612-E73895C68A00}.Debug|x86.Build.0 = Debug|Win32
		{DF72330F-1C04-43FB-B612-E73895C68A00}.Release|x64.ActiveCfg = Release|x64
		{DF72330F-1C04-43FB-B612-E73895C68A00}.Release|x64.Build.0 = Release|x64
		{DF72330F-1C04-43FB-B612-E73895C68A00}.Release|x86.ActiveCfg = Release|Win32
		{DF72330F-1C04-43FB-B612-E73895C68A00}.Release|x86.Build.0 = Release|Win32
		{2C1D99EF-4C29-434F-AD8A-A82CB83B77CD}.Debug|x64.ActiveCfg = Debug|x64
		{2C1D99EF-4C29-434F-AD8A-A82CB83B77CD}.Debug|x64.Build.0 = Debug|x64
		{2C1D99EF-4C29-434F-AD8A-A82CB83B77CD}.Debug|x86.ActiveCfg = Debug|Win32
		{2C1D99EF-4C29-434F-AD8A-A82CB83B77CD}.Debug|x86.Build.0 = Debug|Win32
		{2C1D99EF-4C29-434F-AD8A-A82CB83B77CD}.Release|x64.ActiveCfg = Release|x64
		{2C1D99EF-4C29-434F-AD8A-A82CB83B77CD}.Release|x64.Build.0 = Release|x64
		{2C1D99EF-4C29-434F-AD8A-A82CB83B77CD}.Release|x86.ActiveCfg = Release|Win32
		{2C1D99EF-4C29-434F-AD8A-A82CB83B77CD}.Release|x86.Build.0 = Release|Win32
		{65B8DDB2-9E94-490C-9603-84572EA8AE99}.Debug|x64.ActiveCfg = Debug|x64
		{65B8DDB2-9E94-490C-9603-84572EA8AE99}.Debug|x64.Build.0 = Debug|x64
		{65B8DDB2-9E94-490C-9603-84572EA8AE99}.Debug|x86.ActiveCfg = Debug|Win32
		{65B8DDB2-9E94-490C-9603-84572EA8AE99}.Debug|x86.Build.0 = Debug|Win32
		{65B8DDB2-9E94-490C-9603-84572EA8AE99}.Release|x64.ActiveCfg = Release|x64
		{65B8DDB2-9E94-490C-9603-84572EA8AE99}.Release|x64.Build.0 = Release|x64
		{65B8DDB2-9E94-490C-9603-84572EA8AE99}.Release|x86.ActiveCfg = Release|Win32
		{65B8DDB2-9E94-490C-9603-84572EA8AE99}.Release|x86.Build.0 = Release|Win32
		{99FBFABF-A04F-4E52-99E0-BAD3FA84AC0F}.Debug|x64.ActiveCfg = Debug|x64
		{99FBFABF-A04F-4E52-99E0-BAD3FA84AC0F}.Debug|x64.Build.0 = Debug|x64
		{99FBFABF-A04F-4E52-99E0-BAD3FA84AC0F}.Debug|x86.ActiveCfg = Debug|Win32
		{99FBFABF-A04F-4E52-99E0-BAD3FA84AC0F}.Debug|x86.Build.0 = Debug|Win32
		{99FBFABF-A04F-4E52-99E0-BAD3FA84AC0F}.Release|x64.ActiveCfg = Release|x64
		{99FBFABF-A04F-4E52-99E0-BAD3FA84AC0F}.Release|x64.Build.0 = Release|x64
		{99FBFABF-A04F-4E52-99E0-BAD3FA84AC0F}.Release|x86.ActiveCfg = Release|Win32
		{99FBFABF-A04F-4E52-99E0-BAD3FA84AC0F}.Release|x86.Build.0 = Release|Win32
		{488DB04D-57E5-41E8-B12B-9DC5289B6795}.Debug|x64.ActiveCfg = Debug|x64
		{488DB04D-57E5-41E8-B12B-9DC5289B6795}.Debug|x64.Build.0 = Debug|x64
		{488DB04D-57E5-41E8-B12B-9DC5289B6795}.Debug|x86.ActiveCfg = Debug|Win32
		{488DB04D-57E5-41E8-B12B-9DC5289B6795}.Debug|x86.Build.0 = Debug|Win32
		{488DB04D-57E5-41E8-B12B-9DC5289B6795}.Release|x64.ActiveCfg = Release|x64
		{488DB04D-57E5-41E8-B12B-9DC5289B6795}.Release|x64.Build.0 = Release|x64
		{488DB04D-57E5-41E8-B12B-9DC5289B6795}.Release|x86.ActiveCfg = Release|Win32
		{488DB04D-57E5-41E8-B12B-9DC5289B6795}.Release|x86.Build.0 = Release|Win32
		{58E125F4-C4CA-4BAC-A894-4B274795F8C5}.Debug|x64.ActiveCfg = Debug|x64
		{58E125F4-C4CA-4BAC-A894-4B274795F8C5}.Debug|x64.Build.0 = Debug|x64
		{58E125F4-C4CA-4BAC-A894-4B274795F8C5}.Debug|x86.ActiveCfg = Debug|Win32
		{58E125F4-C4CA-4BAC-A894-4B274795F8C5}.Debug|x86.Build.0 = Debug|Win32
		{58E125F4-C4CA-4BAC-A894-4B274795F8C5}.Release|x64.ActiveCfg = Release|x64
		{58E125F4-C4CA-4BAC-A894-4B274795F8C5}.Release|x64.Build.0 = Release|x64
		{58E125F4-C4CA-4BAC-A894-4B274795F8C5}.Release|x86.ActiveCfg = Release|Win32
		{58E125F4-C4CA-4BAC-A894-4B274795F8C5}.Release|x86.Build.0 = Release|Win32
	EndGlobalSection
	GlobalSection(SolutionProperties) = preSolution
		HideSolutionNode = FALSE
	EndGlobalSection
EndGlobal
